// !$*UTF8*$!
{
	archiveVersion = 1;
	classes = {
	};
	objectVersion = 51;
	objects = {

/* Begin PBXBuildFile section */
		4E21C50F256313D200DFC001 /* AppDelegate.swift in Sources */ = {isa = PBXBuildFile; fileRef = 4E21C50E256313D200DFC001 /* AppDelegate.swift */; };
		4E21C511256313D200DFC001 /* SceneDelegate.swift in Sources */ = {isa = PBXBuildFile; fileRef = 4E21C510256313D200DFC001 /* SceneDelegate.swift */; };
		4E21C513256313D200DFC001 /* ViewController.swift in Sources */ = {isa = PBXBuildFile; fileRef = 4E21C512256313D200DFC001 /* ViewController.swift */; };
		4E21C516256313D200DFC001 /* Main.storyboard in Resources */ = {isa = PBXBuildFile; fileRef = 4E21C514256313D200DFC001 /* Main.storyboard */; };
		4E21C518256313D400DFC001 /* Assets.xcassets in Resources */ = {isa = PBXBuildFile; fileRef = 4E21C517256313D400DFC001 /* Assets.xcassets */; };
		4E21C51B256313D400DFC001 /* LaunchScreen.storyboard in Resources */ = {isa = PBXBuildFile; fileRef = 4E21C519256313D400DFC001 /* LaunchScreen.storyboard */; };
		4E21C5242563193800DFC001 /* GoogleService-Info.plist in Resources */ = {isa = PBXBuildFile; fileRef = 4E21C5232563191900DFC001 /* GoogleService-Info.plist */; };
		4E21C54725631FC200DFC001 /* Utilities.swift in Sources */ = {isa = PBXBuildFile; fileRef = 4E21C54625631FC200DFC001 /* Utilities.swift */; };
		4E21C54B25633C4500DFC001 /* DashboardViewController.swift in Sources */ = {isa = PBXBuildFile; fileRef = 4E21C54A25633C4500DFC001 /* DashboardViewController.swift */; };
		4E21C54E256342D600DFC001 /* SignUpViewController.swift in Sources */ = {isa = PBXBuildFile; fileRef = 4E21C54D256342D600DFC001 /* SignUpViewController.swift */; };
		4E8B75E9256352DC00A639A1 /* ForgotPasswordViewController.swift in Sources */ = {isa = PBXBuildFile; fileRef = 4E8B75E8256352DC00A639A1 /* ForgotPasswordViewController.swift */; };
		F8D4A17CDE8747D1E88A0AB1 /* Pods_LoginApp.framework in Frameworks */ = {isa = PBXBuildFile; fileRef = 7B2E032DFF78555726E63695 /* Pods_LoginApp.framework */; };
/* End PBXBuildFile section */

/* Begin PBXFileReference section */
		09F0D29305BB4E40C9F3C9E4 /* Pods-LoginApp.release.xcconfig */ = {isa = PBXFileReference; includeInIndex = 1; lastKnownFileType = text.xcconfig; name = "Pods-LoginApp.release.xcconfig"; path = "Target Support Files/Pods-LoginApp/Pods-LoginApp.release.xcconfig"; sourceTree = "<group>"; };
		1E2EB583F463D7D55BD947A7 /* Pods-LoginApp.debug.xcconfig */ = {isa = PBXFileReference; includeInIndex = 1; lastKnownFileType = text.xcconfig; name = "Pods-LoginApp.debug.xcconfig"; path = "Target Support Files/Pods-LoginApp/Pods-LoginApp.debug.xcconfig"; sourceTree = "<group>"; };
		4E21C50B256313D200DFC001 /* LoginApp.app */ = {isa = PBXFileReference; explicitFileType = wrapper.application; includeInIndex = 0; path = LoginApp.app; sourceTree = BUILT_PRODUCTS_DIR; };
		4E21C50E256313D200DFC001 /* AppDelegate.swift */ = {isa = PBXFileReference; lastKnownFileType = sourcecode.swift; path = AppDelegate.swift; sourceTree = "<group>"; };
		4E21C510256313D200DFC001 /* SceneDelegate.swift */ = {isa = PBXFileReference; lastKnownFileType = sourcecode.swift; path = SceneDelegate.swift; sourceTree = "<group>"; };
		4E21C512256313D200DFC001 /* ViewController.swift */ = {isa = PBXFileReference; lastKnownFileType = sourcecode.swift; path = ViewController.swift; sourceTree = "<group>"; };
		4E21C515256313D200DFC001 /* Base */ = {isa = PBXFileReference; lastKnownFileType = file.storyboard; name = Base; path = Base.lproj/Main.storyboard; sourceTree = "<group>"; };
		4E21C517256313D400DFC001 /* Assets.xcassets */ = {isa = PBXFileReference; lastKnownFileType = folder.assetcatalog; path = Assets.xcassets; sourceTree = "<group>"; };
		4E21C51A256313D400DFC001 /* Base */ = {isa = PBXFileReference; lastKnownFileType = file.storyboard; name = Base; path = Base.lproj/LaunchScreen.storyboard; sourceTree = "<group>"; };
		4E21C51C256313D400DFC001 /* Info.plist */ = {isa = PBXFileReference; lastKnownFileType = text.plist.xml; path = Info.plist; sourceTree = "<group>"; };
		4E21C5232563191900DFC001 /* GoogleService-Info.plist */ = {isa = PBXFileReference; lastKnownFileType = text.plist.xml; path = "GoogleService-Info.plist"; sourceTree = "<group>"; };
		4E21C54625631FC200DFC001 /* Utilities.swift */ = {isa = PBXFileReference; lastKnownFileType = sourcecode.swift; path = Utilities.swift; sourceTree = "<group>"; };
		4E21C54A25633C4500DFC001 /* DashboardViewController.swift */ = {isa = PBXFileReference; lastKnownFileType = sourcecode.swift; path = DashboardViewController.swift; sourceTree = "<group>"; };
		4E21C54D256342D600DFC001 /* SignUpViewController.swift */ = {isa = PBXFileReference; lastKnownFileType = sourcecode.swift; path = SignUpViewController.swift; sourceTree = "<group>"; };
		4E8B75E8256352DC00A639A1 /* ForgotPasswordViewController.swift */ = {isa = PBXFileReference; lastKnownFileType = sourcecode.swift; path = ForgotPasswordViewController.swift; sourceTree = "<group>"; };
		7B2E032DFF78555726E63695 /* Pods_LoginApp.framework */ = {isa = PBXFileReference; explicitFileType = wrapper.framework; includeInIndex = 0; path = Pods_LoginApp.framework; sourceTree = BUILT_PRODUCTS_DIR; };
/* End PBXFileReference section */

/* Begin PBXFrameworksBuildPhase section */
		4E21C508256313D200DFC001 /* Frameworks */ = {
			isa = PBXFrameworksBuildPhase;
			buildActionMask = 2147483647;
			files = (
				F8D4A17CDE8747D1E88A0AB1 /* Pods_LoginApp.framework in Frameworks */,
			);
			runOnlyForDeploymentPostprocessing = 0;
		};
/* End PBXFrameworksBuildPhase section */

/* Begin PBXGroup section */
		4E21C502256313D200DFC001 = {
			isa = PBXGroup;
			children = (
				4E21C50D256313D200DFC001 /* LoginApp */,
				4E21C50C256313D200DFC001 /* Products */,
				6F6B07A4D248AB0B7F1D966A /* Pods */,
				7C4BA39CFC554BEF9C6DE002 /* Frameworks */,
			);
			sourceTree = "<group>";
		};
		4E21C50C256313D200DFC001 /* Products */ = {
			isa = PBXGroup;
			children = (
				4E21C50B256313D200DFC001 /* LoginApp.app */,
			);
			name = Products;
			sourceTree = "<group>";
		};
		4E21C50D256313D200DFC001 /* LoginApp */ = {
			isa = PBXGroup;
			children = (
				4E21C54525631FAD00DFC001 /* Utilities */,
				4E21C50E256313D200DFC001 /* AppDelegate.swift */,
				4E21C510256313D200DFC001 /* SceneDelegate.swift */,
				4E21C512256313D200DFC001 /* ViewController.swift */,
				4E21C514256313D200DFC001 /* Main.storyboard */,
				4E21C517256313D400DFC001 /* Assets.xcassets */,
				4E21C519256313D400DFC001 /* LaunchScreen.storyboard */,
				4E21C5232563191900DFC001 /* GoogleService-Info.plist */,
				4E21C51C256313D400DFC001 /* Info.plist */,
				4E21C54A25633C4500DFC001 /* DashboardViewController.swift */,
				4E21C54D256342D600DFC001 /* SignUpViewController.swift */,
				4E8B75E8256352DC00A639A1 /* ForgotPasswordViewController.swift */,
			);
			path = LoginApp;
			sourceTree = "<group>";
		};
		4E21C54525631FAD00DFC001 /* Utilities */ = {
			isa = PBXGroup;
			children = (
				4E21C54625631FC200DFC001 /* Utilities.swift */,
			);
			path = Utilities;
			sourceTree = "<group>";
		};
		6F6B07A4D248AB0B7F1D966A /* Pods */ = {
			isa = PBXGroup;
			children = (
				1E2EB583F463D7D55BD947A7 /* Pods-LoginApp.debug.xcconfig */,
				09F0D29305BB4E40C9F3C9E4 /* Pods-LoginApp.release.xcconfig */,
			);
			path = Pods;
			sourceTree = "<group>";
		};
		7C4BA39CFC554BEF9C6DE002 /* Frameworks */ = {
			isa = PBXGroup;
			children = (
				7B2E032DFF78555726E63695 /* Pods_LoginApp.framework */,
			);
			name = Frameworks;
			sourceTree = "<group>";
		};
/* End PBXGroup section */

/* Begin PBXNativeTarget section */
		4E21C50A256313D200DFC001 /* LoginApp */ = {
			isa = PBXNativeTarget;
			buildConfigurationList = 4E21C51F256313D400DFC001 /* Build configuration list for PBXNativeTarget "LoginApp" */;
			buildPhases = (
				C3523BF8B76CDECF9BF87DC0 /* [CP] Check Pods Manifest.lock */,
				4E21C507256313D200DFC001 /* Sources */,
				4E21C508256313D200DFC001 /* Frameworks */,
				4E21C509256313D200DFC001 /* Resources */,
				5F0C6DE2E0AB6A405085FE6B /* [CP] Embed Pods Frameworks */,
			);
			buildRules = (
			);
			dependencies = (
			);
			name = LoginApp;
			productName = LoginApp;
			productReference = 4E21C50B256313D200DFC001 /* LoginApp.app */;
			productType = "com.apple.product-type.application";
		};
/* End PBXNativeTarget section */

/* Begin PBXProject section */
		4E21C503256313D200DFC001 /* Project object */ = {
			isa = PBXProject;
			attributes = {
				LastSwiftUpdateCheck = 1220;
				LastUpgradeCheck = 1220;
				TargetAttributes = {
					4E21C50A256313D200DFC001 = {
						CreatedOnToolsVersion = 12.2;
					};
				};
			};
			buildConfigurationList = 4E21C506256313D200DFC001 /* Build configuration list for PBXProject "LoginApp" */;
			compatibilityVersion = "Xcode 9.3";
			developmentRegion = en;
			hasScannedForEncodings = 0;
			knownRegions = (
				en,
				Base,
			);
			mainGroup = 4E21C502256313D200DFC001;
			productRefGroup = 4E21C50C256313D200DFC001 /* Products */;
			projectDirPath = "";
			projectRoot = "";
			targets = (
				4E21C50A256313D200DFC001 /* LoginApp */,
			);
		};
/* End PBXProject section */

/* Begin PBXResourcesBuildPhase section */
		4E21C509256313D200DFC001 /* Resources */ = {
			isa = PBXResourcesBuildPhase;
			buildActionMask = 2147483647;
			files = (
				4E21C51B256313D400DFC001 /* LaunchScreen.storyboard in Resources */,
				4E21C5242563193800DFC001 /* GoogleService-Info.plist in Resources */,
				4E21C518256313D400DFC001 /* Assets.xcassets in Resources */,
				4E21C516256313D200DFC001 /* Main.storyboard in Resources */,
			);
			runOnlyForDeploymentPostprocessing = 0;
		};
/* End PBXResourcesBuildPhase section */

/* Begin PBXShellScriptBuildPhase section */
		5F0C6DE2E0AB6A405085FE6B /* [CP] Embed Pods Frameworks */ = {
			isa = PBXShellScriptBuildPhase;
			buildActionMask = 2147483647;
			files = (
			);
			inputFileListPaths = (
				"${PODS_ROOT}/Target Support Files/Pods-LoginApp/Pods-LoginApp-frameworks-${CONFIGURATION}-input-files.xcfilelist",
			);
			name = "[CP] Embed Pods Frameworks";
			outputFileListPaths = (
				"${PODS_ROOT}/Target Support Files/Pods-LoginApp/Pods-LoginApp-frameworks-${CONFIGURATION}-output-files.xcfilelist",
			);
			runOnlyForDeploymentPostprocessing = 0;
			shellPath = /bin/sh;
			shellScript = "\"${PODS_ROOT}/Target Support Files/Pods-LoginApp/Pods-LoginApp-frameworks.sh\"\n";
			showEnvVarsInLog = 0;
		};
		C3523BF8B76CDECF9BF87DC0 /* [CP] Check Pods Manifest.lock */ = {
			isa = PBXShellScriptBuildPhase;
			buildActionMask = 2147483647;
			files = (
			);
			inputFileListPaths = (
			);
			inputPaths = (
				"${PODS_PODFILE_DIR_PATH}/Podfile.lock",
				"${PODS_ROOT}/Manifest.lock",
			);
			name = "[CP] Check Pods Manifest.lock";
			outputFileListPaths = (
			);
			outputPaths = (
				"$(DERIVED_FILE_DIR)/Pods-LoginApp-checkManifestLockResult.txt",
			);
			runOnlyForDeploymentPostprocessing = 0;
			shellPath = /bin/sh;
			shellScript = "diff \"${PODS_PODFILE_DIR_PATH}/Podfile.lock\" \"${PODS_ROOT}/Manifest.lock\" > /dev/null\nif [ $? != 0 ] ; then\n    # print error to STDERR\n    echo \"error: The sandbox is not in sync with the Podfile.lock. Run 'pod install' or update your CocoaPods installation.\" >&2\n    exit 1\nfi\n# This output is used by Xcode 'outputs' to avoid re-running this script phase.\necho \"SUCCESS\" > \"${SCRIPT_OUTPUT_FILE_0}\"\n";
			showEnvVarsInLog = 0;
		};
/* End PBXShellScriptBuildPhase section */

/* Begin PBXSourcesBuildPhase section */
		4E21C507256313D200DFC001 /* Sources */ = {
			isa = PBXSourcesBuildPhase;
			buildActionMask = 2147483647;
			files = (
				4E21C54E256342D600DFC001 /* SignUpViewController.swift in Sources */,
				4E8B75E9256352DC00A639A1 /* ForgotPasswordViewController.swift in Sources */,
				4E21C513256313D200DFC001 /* ViewController.swift in Sources */,
				4E21C50F256313D200DFC001 /* AppDelegate.swift in Sources */,
				4E21C54B25633C4500DFC001 /* DashboardViewController.swift in Sources */,
				4E21C54725631FC200DFC001 /* Utilities.swift in Sources */,
				4E21C511256313D200DFC001 /* SceneDelegate.swift in Sources */,
			);
			runOnlyForDeploymentPostprocessing = 0;
		};
/* End PBXSourcesBuildPhase section */

/* Begin PBXVariantGroup section */
		4E21C514256313D200DFC001 /* Main.storyboard */ = {
			isa = PBXVariantGroup;
			children = (
				4E21C515256313D200DFC001 /* Base */,
			);
			name = Main.storyboard;
			sourceTree = "<group>";
		};
		4E21C519256313D400DFC001 /* LaunchScreen.storyboard */ = {
			isa = PBXVariantGroup;
			children = (
				4E21C51A256313D400DFC001 /* Base */,
			);
			name = LaunchScreen.storyboard;
			sourceTree = "<group>";
		};
/* End PBXVariantGroup section */

/* Begin XCBuildConfiguration section */
		4E21C51D256313D400DFC001 /* Debug */ = {
			isa = XCBuildConfiguration;
			buildSettings = {
				ALWAYS_SEARCH_USER_PATHS = NO;
				CLANG_ANALYZER_NONNULL = YES;
				CLANG_ANALYZER_NUMBER_OBJECT_CONVERSION = YES_AGGRESSIVE;
				CLANG_CXX_LANGUAGE_STANDARD = "gnu++14";
				CLANG_CXX_LIBRARY = "libc++";
				CLANG_ENABLE_MODULES = YES;
				CLANG_ENABLE_OBJC_ARC = YES;
				CLANG_ENABLE_OBJC_WEAK = YES;
				CLANG_WARN_BLOCK_CAPTURE_AUTORELEASING = YES;
				CLANG_WARN_BOOL_CONVERSION = YES;
				CLANG_WARN_COMMA = YES;
				CLANG_WARN_CONSTANT_CONVERSION = YES;
				CLANG_WARN_DEPRECATED_OBJC_IMPLEMENTATIONS = YES;
				CLANG_WARN_DIRECT_OBJC_ISA_USAGE = YES_ERROR;
				CLANG_WARN_DOCUMENTATION_COMMENTS = YES;
				CLANG_WARN_EMPTY_BODY = YES;
				CLANG_WARN_ENUM_CONVERSION = YES;
				CLANG_WARN_INFINITE_RECURSION = YES;
				CLANG_WARN_INT_CONVERSION = YES;
				CLANG_WARN_NON_LITERAL_NULL_CONVERSION = YES;
				CLANG_WARN_OBJC_IMPLICIT_RETAIN_SELF = YES;
				CLANG_WARN_OBJC_LITERAL_CONVERSION = YES;
				CLANG_WARN_OBJC_ROOT_CLASS = YES_ERROR;
				CLANG_WARN_QUOTED_INCLUDE_IN_FRAMEWORK_HEADER = YES;
				CLANG_WARN_RANGE_LOOP_ANALYSIS = YES;
				CLANG_WARN_STRICT_PROTOTYPES = YES;
				CLANG_WARN_SUSPICIOUS_MOVE = YES;
				CLANG_WARN_UNGUARDED_AVAILABILITY = YES_AGGRESSIVE;
				CLANG_WARN_UNREACHABLE_CODE = YES;
				CLANG_WARN__DUPLICATE_METHOD_MATCH = YES;
				COPY_PHASE_STRIP = NO;
				DEBUG_INFORMATION_FORMAT = dwarf;
				ENABLE_STRICT_OBJC_MSGSEND = YES;
				ENABLE_TESTABILITY = YES;
				GCC_C_LANGUAGE_STANDARD = gnu11;
				GCC_DYNAMIC_NO_PIC = NO;
				GCC_NO_COMMON_BLOCKS = YES;
				GCC_OPTIMIZATION_LEVEL = 0;
				GCC_PREPROCESSOR_DEFINITIONS = (
					"DEBUG=1",
					"$(inherited)",
				);
				GCC_WARN_64_TO_32_BIT_CONVERSION = YES;
				GCC_WARN_ABOUT_RETURN_TYPE = YES_ERROR;
				GCC_WARN_UNDECLARED_SELECTOR = YES;
				GCC_WARN_UNINITIALIZED_AUTOS = YES_AGGRESSIVE;
				GCC_WARN_UNUSED_FUNCTION = YES;
				GCC_WARN_UNUSED_VARIABLE = YES;
				IPHONEOS_DEPLOYMENT_TARGET = 14.2;
				MTL_ENABLE_DEBUG_INFO = INCLUDE_SOURCE;
				MTL_FAST_MATH = YES;
				ONLY_ACTIVE_ARCH = YES;
				SDKROOT = iphoneos;
				SWIFT_ACTIVE_COMPILATION_CONDITIONS = DEBUG;
				SWIFT_OPTIMIZATION_LEVEL = "-Onone";
			};
			name = Debug;
		};
		4E21C51E256313D400DFC001 /* Release */ = {
			isa = XCBuildConfiguration;
			buildSettings = {
				ALWAYS_SEARCH_USER_PATHS = NO;
				CLANG_ANALYZER_NONNULL = YES;
				CLANG_ANALYZER_NUMBER_OBJECT_CONVERSION = YES_AGGRESSIVE;
				CLANG_CXX_LANGUAGE_STANDARD = "gnu++14";
				CLANG_CXX_LIBRARY = "libc++";
				CLANG_ENABLE_MODULES = YES;
				CLANG_ENABLE_OBJC_ARC = YES;
				CLANG_ENABLE_OBJC_WEAK = YES;
				CLANG_WARN_BLOCK_CAPTURE_AUTORELEASING = YES;
				CLANG_WARN_BOOL_CONVERSION = YES;
				CLANG_WARN_COMMA = YES;
				CLANG_WARN_CONSTANT_CONVERSION = YES;
				CLANG_WARN_DEPRECATED_OBJC_IMPLEMENTATIONS = YES;
				CLANG_WARN_DIRECT_OBJC_ISA_USAGE = YES_ERROR;
				CLANG_WARN_DOCUMENTATION_COMMENTS = YES;
				CLANG_WARN_EMPTY_BODY = YES;
				CLANG_WARN_ENUM_CONVERSION = YES;
				CLANG_WARN_INFINITE_RECURSION = YES;
				CLANG_WARN_INT_CONVERSION = YES;
				CLANG_WARN_NON_LITERAL_NULL_CONVERSION = YES;
				CLANG_WARN_OBJC_IMPLICIT_RETAIN_SELF = YES;
				CLANG_WARN_OBJC_LITERAL_CONVERSION = YES;
				CLANG_WARN_OBJC_ROOT_CLASS = YES_ERROR;
				CLANG_WARN_QUOTED_INCLUDE_IN_FRAMEWORK_HEADER = YES;
				CLANG_WARN_RANGE_LOOP_ANALYSIS = YES;
				CLANG_WARN_STRICT_PROTOTYPES = YES;
				CLANG_WARN_SUSPICIOUS_MOVE = YES;
				CLANG_WARN_UNGUARDED_AVAILABILITY = YES_AGGRESSIVE;
				CLANG_WARN_UNREACHABLE_CODE = YES;
				CLANG_WARN__DUPLICATE_METHOD_MATCH = YES;
				COPY_PHASE_STRIP = NO;
				DEBUG_INFORMATION_FORMAT = "dwarf-with-dsym";
				ENABLE_NS_ASSERTIONS = NO;
				ENABLE_STRICT_OBJC_MSGSEND = YES;
				GCC_C_LANGUAGE_STANDARD = gnu11;
				GCC_NO_COMMON_BLOCKS = YES;
				GCC_WARN_64_TO_32_BIT_CONVERSION = YES;
				GCC_WARN_ABOUT_RETURN_TYPE = YES_ERROR;
				GCC_WARN_UNDECLARED_SELECTOR = YES;
				GCC_WARN_UNINITIALIZED_AUTOS = YES_AGGRESSIVE;
				GCC_WARN_UNUSED_FUNCTION = YES;
				GCC_WARN_UNUSED_VARIABLE = YES;
				IPHONEOS_DEPLOYMENT_TARGET = 14.2;
				MTL_ENABLE_DEBUG_INFO = NO;
				MTL_FAST_MATH = YES;
				SDKROOT = iphoneos;
				SWIFT_COMPILATION_MODE = wholemodule;
				SWIFT_OPTIMIZATION_LEVEL = "-O";
				VALIDATE_PRODUCT = YES;
			};
			name = Release;
		};
		4E21C520256313D400DFC001 /* Debug */ = {
			isa = XCBuildConfiguration;
			baseConfigurationReference = 1E2EB583F463D7D55BD947A7 /* Pods-LoginApp.debug.xcconfig */;
			buildSettings = {
				ASSETCATALOG_COMPILER_APPICON_NAME = AppIcon;
				ASSETCATALOG_COMPILER_GLOBAL_ACCENT_COLOR_NAME = AccentColor;
				CODE_SIGN_STYLE = Automatic;
				DEVELOPMENT_TEAM = 9F58C6RD97;
				INFOPLIST_FILE = LoginApp/Info.plist;
				LD_RUNPATH_SEARCH_PATHS = (
					"$(inherited)",
					"@executable_path/Frameworks",
				);
				PRODUCT_BUNDLE_IDENTIFIER = edu.northeastern.yaqi.LoginApp;
				PRODUCT_NAME = "$(TARGET_NAME)";
				SWIFT_VERSION = 5.0;
				TARGETED_DEVICE_FAMILY = "1,2";
			};
			name = Debug;
		};
		4E21C521256313D400DFC001 /* Release */ = {
			isa = XCBuildConfiguration;
			baseConfigurationReference = 09F0D29305BB4E40C9F3C9E4 /* Pods-LoginApp.release.xcconfig */;
			buildSettings = {
				ASSETCATALOG_COMPILER_APPICON_NAME = AppIcon;
				ASSETCATALOG_COMPILER_GLOBAL_ACCENT_COLOR_NAME = AccentColor;
				CODE_SIGN_STYLE = Automatic;
				DEVELOPMENT_TEAM = 9F58C6RD97;
				INFOPLIST_FILE = LoginApp/Info.plist;
				LD_RUNPATH_SEARCH_PATHS = (
					"$(inherited)",
					"@executable_path/Frameworks",
				);
				PRODUCT_BUNDLE_IDENTIFIER = edu.northeastern.yaqi.LoginApp;
				PRODUCT_NAME = "$(TARGET_NAME)";
				SWIFT_VERSION = 5.0;
				TARGETED_DEVICE_FAMILY = "1,2";
			};
			name = Release;
		};
/* End XCBuildConfiguration section */

/* Begin XCConfigurationList section */
		4E21C506256313D200DFC001 /* Build configuration list for PBXProject "LoginApp" */ = {
			isa = XCConfigurationList;
			buildConfigurations = (
				4E21C51D256313D400DFC001 /* Debug */,
				4E21C51E256313D400DFC001 /* Release */,
			);
			defaultConfigurationIsVisible = 0;
			defaultConfigurationName = Release;
		};
		4E21C51F256313D400DFC001 /* Build configuration list for PBXNativeTarget "LoginApp" */ = {
			isa = XCConfigurationList;
			buildConfigurations = (
				4E21C520256313D400DFC001 /* Debug */,
				4E21C521256313D400DFC001 /* Release */,
			);
			defaultConfigurationIsVisible = 0;
			defaultConfigurationName = Release;
		};
/* End XCConfigurationList section */
	};
	rootObject = 4E21C503256313D200DFC001 /* Project object */;
}
