// !$*UTF8*$!
{
	archiveVersion = 1;
	classes = {
	};
	objectVersion = 50;
	objects = {

/* Begin PBXBuildFile section */
		4EF421A5256C6D57005B55F2 /* AppDelegate.swift in Sources */ = {isa = PBXBuildFile; fileRef = 4EF421A4256C6D57005B55F2 /* AppDelegate.swift */; };
		4EF421A7256C6D57005B55F2 /* SceneDelegate.swift in Sources */ = {isa = PBXBuildFile; fileRef = 4EF421A6256C6D57005B55F2 /* SceneDelegate.swift */; };
		4EF421A9256C6D57005B55F2 /* ViewController.swift in Sources */ = {isa = PBXBuildFile; fileRef = 4EF421A8256C6D57005B55F2 /* ViewController.swift */; };
		4EF421AC256C6D57005B55F2 /* Main.storyboard in Resources */ = {isa = PBXBuildFile; fileRef = 4EF421AA256C6D57005B55F2 /* Main.storyboard */; };
		4EF421AE256C6D59005B55F2 /* Assets.xcassets in Resources */ = {isa = PBXBuildFile; fileRef = 4EF421AD256C6D59005B55F2 /* Assets.xcassets */; };
		4EF421B1256C6D59005B55F2 /* LaunchScreen.storyboard in Resources */ = {isa = PBXBuildFile; fileRef = 4EF421AF256C6D59005B55F2 /* LaunchScreen.storyboard */; };
		4EF421C0256CB6AA005B55F2 /* LocalizationUltil.swift in Sources */ = {isa = PBXBuildFile; fileRef = 4EF421BF256CB6AA005B55F2 /* LocalizationUltil.swift */; };
		4EF421C3256CB733005B55F2 /* Localizable.strings in Resources */ = {isa = PBXBuildFile; fileRef = 4EF421C5256CB733005B55F2 /* Localizable.strings */; };
/* End PBXBuildFile section */

/* Begin PBXFileReference section */
		4EF421A1256C6D57005B55F2 /* TakePicLocalized.app */ = {isa = PBXFileReference; explicitFileType = wrapper.application; includeInIndex = 0; path = TakePicLocalized.app; sourceTree = BUILT_PRODUCTS_DIR; };
		4EF421A4256C6D57005B55F2 /* AppDelegate.swift */ = {isa = PBXFileReference; lastKnownFileType = sourcecode.swift; path = AppDelegate.swift; sourceTree = "<group>"; };
		4EF421A6256C6D57005B55F2 /* SceneDelegate.swift */ = {isa = PBXFileReference; lastKnownFileType = sourcecode.swift; path = SceneDelegate.swift; sourceTree = "<group>"; };
		4EF421A8256C6D57005B55F2 /* ViewController.swift */ = {isa = PBXFileReference; lastKnownFileType = sourcecode.swift; path = ViewController.swift; sourceTree = "<group>"; };
		4EF421AB256C6D57005B55F2 /* Base */ = {isa = PBXFileReference; lastKnownFileType = file.storyboard; name = Base; path = Base.lproj/Main.storyboard; sourceTree = "<group>"; };
		4EF421AD256C6D59005B55F2 /* Assets.xcassets */ = {isa = PBXFileReference; lastKnownFileType = folder.assetcatalog; path = Assets.xcassets; sourceTree = "<group>"; };
		4EF421B0256C6D59005B55F2 /* Base */ = {isa = PBXFileReference; lastKnownFileType = file.storyboard; name = Base; path = Base.lproj/LaunchScreen.storyboard; sourceTree = "<group>"; };
		4EF421B2256C6D59005B55F2 /* Info.plist */ = {isa = PBXFileReference; lastKnownFileType = text.plist.xml; path = Info.plist; sourceTree = "<group>"; };
		4EF421BF256CB6AA005B55F2 /* LocalizationUltil.swift */ = {isa = PBXFileReference; lastKnownFileType = sourcecode.swift; path = LocalizationUltil.swift; sourceTree = "<group>"; };
		4EF421C4256CB733005B55F2 /* en */ = {isa = PBXFileReference; lastKnownFileType = text.plist.strings; name = en; path = en.lproj/Localizable.strings; sourceTree = "<group>"; };
		4EF421CA256CB7F6005B55F2 /* zh-Hans */ = {isa = PBXFileReference; lastKnownFileType = text.plist.strings; name = "zh-Hans"; path = "zh-Hans.lproj/Main.strings"; sourceTree = "<group>"; };
		4EF421CB256CB7F6005B55F2 /* zh-Hans */ = {isa = PBXFileReference; lastKnownFileType = text.plist.strings; name = "zh-Hans"; path = "zh-Hans.lproj/LaunchScreen.strings"; sourceTree = "<group>"; };
/* End PBXFileReference section */

/* Begin PBXFrameworksBuildPhase section */
		4EF4219E256C6D57005B55F2 /* Frameworks */ = {
			isa = PBXFrameworksBuildPhase;
			buildActionMask = 2147483647;
			files = (
			);
			runOnlyForDeploymentPostprocessing = 0;
		};
/* End PBXFrameworksBuildPhase section */

/* Begin PBXGroup section */
		4EF42198256C6D57005B55F2 = {
			isa = PBXGroup;
			children = (
				4EF421A3256C6D57005B55F2 /* TakePicLocalized */,
				4EF421A2256C6D57005B55F2 /* Products */,
			);
			sourceTree = "<group>";
		};
		4EF421A2256C6D57005B55F2 /* Products */ = {
			isa = PBXGroup;
			children = (
				4EF421A1256C6D57005B55F2 /* TakePicLocalized.app */,
			);
			name = Products;
			sourceTree = "<group>";
		};
		4EF421A3256C6D57005B55F2 /* TakePicLocalized */ = {
			isa = PBXGroup;
			children = (
				4EF421BE256CB68B005B55F2 /* Utilities */,
				4EF421B9256CB616005B55F2 /* Localizable */,
				4EF421A4256C6D57005B55F2 /* AppDelegate.swift */,
				4EF421A6256C6D57005B55F2 /* SceneDelegate.swift */,
				4EF421A8256C6D57005B55F2 /* ViewController.swift */,
				4EF421AA256C6D57005B55F2 /* Main.storyboard */,
				4EF421AD256C6D59005B55F2 /* Assets.xcassets */,
				4EF421AF256C6D59005B55F2 /* LaunchScreen.storyboard */,
				4EF421B2256C6D59005B55F2 /* Info.plist */,
			);
			path = TakePicLocalized;
			sourceTree = "<group>";
		};
		4EF421B9256CB616005B55F2 /* Localizable */ = {
			isa = PBXGroup;
			children = (
				4EF421C5256CB733005B55F2 /* Localizable.strings */,
			);
			path = Localizable;
			sourceTree = "<group>";
		};
		4EF421BE256CB68B005B55F2 /* Utilities */ = {
			isa = PBXGroup;
			children = (
				4EF421BF256CB6AA005B55F2 /* LocalizationUltil.swift */,
			);
			path = Utilities;
			sourceTree = "<group>";
		};
/* End PBXGroup section */

/* Begin PBXNativeTarget section */
		4EF421A0256C6D57005B55F2 /* TakePicLocalized */ = {
			isa = PBXNativeTarget;
			buildConfigurationList = 4EF421B5256C6D59005B55F2 /* Build configuration list for PBXNativeTarget "TakePicLocalized" */;
			buildPhases = (
				4EF4219D256C6D57005B55F2 /* Sources */,
				4EF4219E256C6D57005B55F2 /* Frameworks */,
				4EF4219F256C6D57005B55F2 /* Resources */,
			);
			buildRules = (
			);
			dependencies = (
			);
			name = TakePicLocalized;
			productName = TakePicLocalized;
			productReference = 4EF421A1256C6D57005B55F2 /* TakePicLocalized.app */;
			productType = "com.apple.product-type.application";
		};
/* End PBXNativeTarget section */

/* Begin PBXProject section */
		4EF42199256C6D57005B55F2 /* Project object */ = {
			isa = PBXProject;
			attributes = {
				LastSwiftUpdateCheck = 1220;
				LastUpgradeCheck = 1220;
				TargetAttributes = {
					4EF421A0256C6D57005B55F2 = {
						CreatedOnToolsVersion = 12.2;
					};
				};
			};
			buildConfigurationList = 4EF4219C256C6D57005B55F2 /* Build configuration list for PBXProject "TakePicLocalized" */;
			compatibilityVersion = "Xcode 9.3";
			developmentRegion = en;
			hasScannedForEncodings = 0;
			knownRegions = (
				en,
				Base,
				"zh-Hans",
			);
			mainGroup = 4EF42198256C6D57005B55F2;
			productRefGroup = 4EF421A2256C6D57005B55F2 /* Products */;
			projectDirPath = "";
			projectRoot = "";
			targets = (
				4EF421A0256C6D57005B55F2 /* TakePicLocalized */,
			);
		};
/* End PBXProject section */

/* Begin PBXResourcesBuildPhase section */
		4EF4219F256C6D57005B55F2 /* Resources */ = {
			isa = PBXResourcesBuildPhase;
			buildActionMask = 2147483647;
			files = (
				4EF421B1256C6D59005B55F2 /* LaunchScreen.storyboard in Resources */,
				4EF421C3256CB733005B55F2 /* Localizable.strings in Resources */,
				4EF421AE256C6D59005B55F2 /* Assets.xcassets in Resources */,
				4EF421AC256C6D57005B55F2 /* Main.storyboard in Resources */,
			);
			runOnlyForDeploymentPostprocessing = 0;
		};
/* End PBXResourcesBuildPhase section */

/* Begin PBXSourcesBuildPhase section */
		4EF4219D256C6D57005B55F2 /* Sources */ = {
			isa = PBXSourcesBuildPhase;
			buildActionMask = 2147483647;
			files = (
				4EF421A9256C6D57005B55F2 /* ViewController.swift in Sources */,
				4EF421C0256CB6AA005B55F2 /* LocalizationUltil.swift in Sources */,
				4EF421A5256C6D57005B55F2 /* AppDelegate.swift in Sources */,
				4EF421A7256C6D57005B55F2 /* SceneDelegate.swift in Sources */,
			);
			runOnlyForDeploymentPostprocessing = 0;
		};
/* End PBXSourcesBuildPhase section */

/* Begin PBXVariantGroup section */
		4EF421AA256C6D57005B55F2 /* Main.storyboard */ = {
			isa = PBXVariantGroup;
			children = (
				4EF421AB256C6D57005B55F2 /* Base */,
				4EF421CA256CB7F6005B55F2 /* zh-Hans */,
			);
			name = Main.storyboard;
			sourceTree = "<group>";
		};
		4EF421AF256C6D59005B55F2 /* LaunchScreen.storyboard */ = {
			isa = PBXVariantGroup;
			children = (
				4EF421B0256C6D59005B55F2 /* Base */,
				4EF421CB256CB7F6005B55F2 /* zh-Hans */,
			);
			name = LaunchScreen.storyboard;
			sourceTree = "<group>";
		};
		4EF421C5256CB733005B55F2 /* Localizable.strings */ = {
			isa = PBXVariantGroup;
			children = (
				4EF421C4256CB733005B55F2 /* en */,
			);
			name = Localizable.strings;
			sourceTree = "<group>";
		};
/* End PBXVariantGroup section */

/* Begin XCBuildConfiguration section */
		4EF421B3256C6D59005B55F2 /* Debug */ = {
			isa = XCBuildConfiguration;
			buildSettings = {
				ALWAYS_SEARCH_USER_PATHS = NO;
				CLANG_ANALYZER_LOCALIZABILITY_NONLOCALIZED = YES;
				CLANG_ANALYZER_NONNULL = YES;
				CLANG_ANALYZER_NUMBER_OBJECT_CONVERSION = YES_AGGRESSIVE;
				CLANG_CXX_LANGUAGE_STANDARD = "gnu++14";
				CLANG_CXX_LIBRARY = "libc++";
				CLANG_ENABLE_MODULES = YES;
				CLANG_ENABLE_OBJC_ARC = YES;
				CLANG_ENABLE_OBJC_WEAK = YES;
				CLANG_WARN_BLOCK_CAPTURE_AUTORELEASING = YES;
				CLANG_WARN_BOOL_CONVERSION = YES;
				CLANG_WARN_COMMA = YES;
				CLANG_WARN_CONSTANT_CONVERSION = YES;
				CLANG_WARN_DEPRECATED_OBJC_IMPLEMENTATIONS = YES;
				CLANG_WARN_DIRECT_OBJC_ISA_USAGE = YES_ERROR;
				CLANG_WARN_DOCUMENTATION_COMMENTS = YES;
				CLANG_WARN_EMPTY_BODY = YES;
				CLANG_WARN_ENUM_CONVERSION = YES;
				CLANG_WARN_INFINITE_RECURSION = YES;
				CLANG_WARN_INT_CONVERSION = YES;
				CLANG_WARN_NON_LITERAL_NULL_CONVERSION = YES;
				CLANG_WARN_OBJC_IMPLICIT_RETAIN_SELF = YES;
				CLANG_WARN_OBJC_LITERAL_CONVERSION = YES;
				CLANG_WARN_OBJC_ROOT_CLASS = YES_ERROR;
				CLANG_WARN_QUOTED_INCLUDE_IN_FRAMEWORK_HEADER = YES;
				CLANG_WARN_RANGE_LOOP_ANALYSIS = YES;
				CLANG_WARN_STRICT_PROTOTYPES = YES;
				CLANG_WARN_SUSPICIOUS_MOVE = YES;
				CLANG_WARN_UNGUARDED_AVAILABILITY = YES_AGGRESSIVE;
				CLANG_WARN_UNREACHABLE_CODE = YES;
				CLANG_WARN__DUPLICATE_METHOD_MATCH = YES;
				COPY_PHASE_STRIP = NO;
				DEBUG_INFORMATION_FORMAT = dwarf;
				ENABLE_STRICT_OBJC_MSGSEND = YES;
				ENABLE_TESTABILITY = YES;
				GCC_C_LANGUAGE_STANDARD = gnu11;
				GCC_DYNAMIC_NO_PIC = NO;
				GCC_NO_COMMON_BLOCKS = YES;
				GCC_OPTIMIZATION_LEVEL = 0;
				GCC_PREPROCESSOR_DEFINITIONS = (
					"DEBUG=1",
					"$(inherited)",
				);
				GCC_WARN_64_TO_32_BIT_CONVERSION = YES;
				GCC_WARN_ABOUT_RETURN_TYPE = YES_ERROR;
				GCC_WARN_UNDECLARED_SELECTOR = YES;
				GCC_WARN_UNINITIALIZED_AUTOS = YES_AGGRESSIVE;
				GCC_WARN_UNUSED_FUNCTION = YES;
				GCC_WARN_UNUSED_VARIABLE = YES;
				IPHONEOS_DEPLOYMENT_TARGET = 14.2;
				MTL_ENABLE_DEBUG_INFO = INCLUDE_SOURCE;
				MTL_FAST_MATH = YES;
				ONLY_ACTIVE_ARCH = YES;
				SDKROOT = iphoneos;
				SWIFT_ACTIVE_COMPILATION_CONDITIONS = DEBUG;
				SWIFT_OPTIMIZATION_LEVEL = "-Onone";
			};
			name = Debug;
		};
		4EF421B4256C6D59005B55F2 /* Release */ = {
			isa = XCBuildConfiguration;
			buildSettings = {
				ALWAYS_SEARCH_USER_PATHS = NO;
				CLANG_ANALYZER_LOCALIZABILITY_NONLOCALIZED = YES;
				CLANG_ANALYZER_NONNULL = YES;
				CLANG_ANALYZER_NUMBER_OBJECT_CONVERSION = YES_AGGRESSIVE;
				CLANG_CXX_LANGUAGE_STANDARD = "gnu++14";
				CLANG_CXX_LIBRARY = "libc++";
				CLANG_ENABLE_MODULES = YES;
				CLANG_ENABLE_OBJC_ARC = YES;
				CLANG_ENABLE_OBJC_WEAK = YES;
				CLANG_WARN_BLOCK_CAPTURE_AUTORELEASING = YES;
				CLANG_WARN_BOOL_CONVERSION = YES;
				CLANG_WARN_COMMA = YES;
				CLANG_WARN_CONSTANT_CONVERSION = YES;
				CLANG_WARN_DEPRECATED_OBJC_IMPLEMENTATIONS = YES;
				CLANG_WARN_DIRECT_OBJC_ISA_USAGE = YES_ERROR;
				CLANG_WARN_DOCUMENTATION_COMMENTS = YES;
				CLANG_WARN_EMPTY_BODY = YES;
				CLANG_WARN_ENUM_CONVERSION = YES;
				CLANG_WARN_INFINITE_RECURSION = YES;
				CLANG_WARN_INT_CONVERSION = YES;
				CLANG_WARN_NON_LITERAL_NULL_CONVERSION = YES;
				CLANG_WARN_OBJC_IMPLICIT_RETAIN_SELF = YES;
				CLANG_WARN_OBJC_LITERAL_CONVERSION = YES;
				CLANG_WARN_OBJC_ROOT_CLASS = YES_ERROR;
				CLANG_WARN_QUOTED_INCLUDE_IN_FRAMEWORK_HEADER = YES;
				CLANG_WARN_RANGE_LOOP_ANALYSIS = YES;
				CLANG_WARN_STRICT_PROTOTYPES = YES;
				CLANG_WARN_SUSPICIOUS_MOVE = YES;
				CLANG_WARN_UNGUARDED_AVAILABILITY = YES_AGGRESSIVE;
				CLANG_WARN_UNREACHABLE_CODE = YES;
				CLANG_WARN__DUPLICATE_METHOD_MATCH = YES;
				COPY_PHASE_STRIP = NO;
				DEBUG_INFORMATION_FORMAT = "dwarf-with-dsym";
				ENABLE_NS_ASSERTIONS = NO;
				ENABLE_STRICT_OBJC_MSGSEND = YES;
				GCC_C_LANGUAGE_STANDARD = gnu11;
				GCC_NO_COMMON_BLOCKS = YES;
				GCC_WARN_64_TO_32_BIT_CONVERSION = YES;
				GCC_WARN_ABOUT_RETURN_TYPE = YES_ERROR;
				GCC_WARN_UNDECLARED_SELECTOR = YES;
				GCC_WARN_UNINITIALIZED_AUTOS = YES_AGGRESSIVE;
				GCC_WARN_UNUSED_FUNCTION = YES;
				GCC_WARN_UNUSED_VARIABLE = YES;
				IPHONEOS_DEPLOYMENT_TARGET = 14.2;
				MTL_ENABLE_DEBUG_INFO = NO;
				MTL_FAST_MATH = YES;
				SDKROOT = iphoneos;
				SWIFT_COMPILATION_MODE = wholemodule;
				SWIFT_OPTIMIZATION_LEVEL = "-O";
				VALIDATE_PRODUCT = YES;
			};
			name = Release;
		};
		4EF421B6256C6D59005B55F2 /* Debug */ = {
			isa = XCBuildConfiguration;
			buildSettings = {
				ASSETCATALOG_COMPILER_APPICON_NAME = AppIcon;
				ASSETCATALOG_COMPILER_GLOBAL_ACCENT_COLOR_NAME = AccentColor;
				CODE_SIGN_STYLE = Automatic;
				DEVELOPMENT_TEAM = 9F58C6RD97;
				INFOPLIST_FILE = TakePicLocalized/Info.plist;
				LD_RUNPATH_SEARCH_PATHS = (
					"$(inherited)",
					"@executable_path/Frameworks",
				);
				PRODUCT_BUNDLE_IDENTIFIER = edu.northeastern.yaqi.TakePicLocalized;
				PRODUCT_NAME = "$(TARGET_NAME)";
				SWIFT_VERSION = 5.0;
				TARGETED_DEVICE_FAMILY = "1,2";
			};
			name = Debug;
		};
		4EF421B7256C6D59005B55F2 /* Release */ = {
			isa = XCBuildConfiguration;
			buildSettings = {
				ASSETCATALOG_COMPILER_APPICON_NAME = AppIcon;
				ASSETCATALOG_COMPILER_GLOBAL_ACCENT_COLOR_NAME = AccentColor;
				CODE_SIGN_STYLE = Automatic;
				DEVELOPMENT_TEAM = 9F58C6RD97;
				INFOPLIST_FILE = TakePicLocalized/Info.plist;
				LD_RUNPATH_SEARCH_PATHS = (
					"$(inherited)",
					"@executable_path/Frameworks",
				);
				PRODUCT_BUNDLE_IDENTIFIER = edu.northeastern.yaqi.TakePicLocalized;
				PRODUCT_NAME = "$(TARGET_NAME)";
				SWIFT_VERSION = 5.0;
				TARGETED_DEVICE_FAMILY = "1,2";
			};
			name = Release;
		};
/* End XCBuildConfiguration section */

/* Begin XCConfigurationList section */
		4EF4219C256C6D57005B55F2 /* Build configuration list for PBXProject "TakePicLocalized" */ = {
			isa = XCConfigurationList;
			buildConfigurations = (
				4EF421B3256C6D59005B55F2 /* Debug */,
				4EF421B4256C6D59005B55F2 /* Release */,
			);
			defaultConfigurationIsVisible = 0;
			defaultConfigurationName = Release;
		};
		4EF421B5256C6D59005B55F2 /* Build configuration list for PBXNativeTarget "TakePicLocalized" */ = {
			isa = XCConfigurationList;
			buildConfigurations = (
				4EF421B6256C6D59005B55F2 /* Debug */,
				4EF421B7256C6D59005B55F2 /* Release */,
			);
			defaultConfigurationIsVisible = 0;
			defaultConfigurationName = Release;
		};
/* End XCConfigurationList section */
	};
	rootObject = 4EF42199256C6D57005B55F2 /* Project object */;
}
